// !$*UTF8*$!
{
	archiveVersion = 1;
	classes = {
	};
	objectVersion = 110;
	objects = {

/* Begin PBXBuildFile section */
		C6C38311307344A900C0C5B8 /* WidgetKit.framework in Frameworks */ = {isa = PBXBuildFile; fileRef = C6C38310307344A900C0C5B8 /* WidgetKit.framework */; };
		C6C38313307344A900C0C5B8 /* SwiftUI.framework in Frameworks */ = {isa = PBXBuildFile; fileRef = C6C38312307344A900C0C5B8 /* SwiftUI.framework */; };
		C6C38320307344AB00C0C5B8 /* PochicalWidgetsExtension.appex in Embed Foundation Extensions */ = {isa = PBXBuildFile; fileRef = C6C3830E307344A900C0C5B8 /* PochicalWidgetsExtension.appex */; settings = {ATTRIBUTES = (RemoveHeadersOnCopy, ); }; };
		C6C3832A307345A800C0C5B8 /* PochicalDesign in Frameworks */ = {isa = PBXBuildFile; productRef = C6C38329307345A800C0C5B8 /* PochicalDesign */; };
		C6C3832C307345D500C0C5B8 /* PochicalDesign in Frameworks */ = {isa = PBXBuildFile; productRef = C6C3832B307345D500C0C5B8 /* PochicalDesign */; };
		C6C3832F307345FB00C0C5B8 /* PochicalProto in Frameworks */ = {isa = PBXBuildFile; productRef = C6C3832E307345FB00C0C5B8 /* PochicalProto */; };
		C6C383423073460000C0C5B8 /* PochicalKit in Frameworks */ = {isa = PBXBuildFile; productRef = C6C383413073460000C0C5B8 /* PochicalKit */; };
/* End PBXBuildFile section */

/* Begin PBXContainerItemProxy section */
		C6C382F0307343B000C0C5B8 /* PBXContainerItemProxy */ = {
			isa = PBXContainerItemProxy;
			containerPortal = C6C382DA307343AF00C0C5B8 /* Project object */;
			proxyType = 1;
			remoteGlobalIDString = C6C382E1307343AF00C0C5B8;
			remoteInfo = Pochical;
		};
		C6C382FA307343B000C0C5B8 /* PBXContainerItemProxy */ = {
			isa = PBXContainerItemProxy;
			containerPortal = C6C382DA307343AF00C0C5B8 /* Project object */;
			proxyType = 1;
			remoteGlobalIDString = C6C382E1307343AF00C0C5B8;
			remoteInfo = Pochical;
		};
		C6C3831E307344AB00C0C5B8 /* PBXContainerItemProxy */ = {
			isa = PBXContainerItemProxy;
			containerPortal = C6C382DA307343AF00C0C5B8 /* Project object */;
			proxyType = 1;
			remoteGlobalIDString = C6C3830D307344A900C0C5B8;
			remoteInfo = PochicalWidgetsExtension;
		};
/* End PBXContainerItemProxy section */

/* Begin PBXCopyFilesBuildPhase section */
		C6C38325307344AB00C0C5B8 /* Embed Foundation Extensions */ = {
			isa = PBXCopyFilesBuildPhase;
			dstPath = "";
			dstSubfolder = PlugIns;
			files = (
				C6C38320307344AB00C0C5B8 /* PochicalWidgetsExtension.appex in Embed Foundation Extensions */,
			);
			name = "Embed Foundation Extensions";
		};
/* End PBXCopyFilesBuildPhase section */

/* Begin PBXFileReference section */
		C6C382E2307343AF00C0C5B8 /* Pochical.app */ = {isa = PBXFileReference; explicitFileType = wrapper.application; includeInIndex = 0; path = Pochical.app; sourceTree = BUILT_PRODUCTS_DIR; };
		C6C382EF307343B000C0C5B8 /* PochicalTests.xctest */ = {isa = PBXFileReference; explicitFileType = wrapper.cfbundle; includeInIndex = 0; path = PochicalTests.xctest; sourceTree = BUILT_PRODUCTS_DIR; };
		C6C382F9307343B000C0C5B8 /* PochicalUITests.xctest */ = {isa = PBXFileReference; explicitFileType = wrapper.cfbundle; includeInIndex = 0; path = PochicalUITests.xctest; sourceTree = BUILT_PRODUCTS_DIR; };
		C6C3830E307344A900C0C5B8 /* PochicalWidgetsExtension.appex */ = {isa = PBXFileReference; explicitFileType = "wrapper.app-extension"; includeInIndex = 0; path = PochicalWidgetsExtension.appex; sourceTree = BUILT_PRODUCTS_DIR; };
		C6C38310307344A900C0C5B8 /* WidgetKit.framework */ = {isa = PBXFileReference; lastKnownFileType = wrapper.framework; name = WidgetKit.framework; path = System/Library/Frameworks/WidgetKit.framework; sourceTree = SDKROOT; };
		C6C38312307344A900C0C5B8 /* SwiftUI.framework */ = {isa = PBXFileReference; lastKnownFileType = wrapper.framework; name = SwiftUI.framework; path = System/Library/Frameworks/SwiftUI.framework; sourceTree = SDKROOT; };
		C6C383273073450F00C0C5B8 /* PochicalWidgetsExtension.entitlements */ = {isa = PBXFileReference; lastKnownFileType = text.plist.entitlements; path = PochicalWidgetsExtension.entitlements; sourceTree = "<group>"; };
/* End PBXFileReference section */

/* Begin PBXFileSystemSynchronizedBuildFileExceptionSet section */
		C6C38321307344AB00C0C5B8 /* Exceptions for "PochicalWidgets" folder in "PochicalWidgetsExtension" target */ = {
			isa = PBXFileSystemSynchronizedBuildFileExceptionSet;
			membershipExceptions = (
				Info.plist,
			);
			target = C6C3830D307344A900C0C5B8 /* PochicalWidgetsExtension */;
		};
/* End PBXFileSystemSynchronizedBuildFileExceptionSet section */

/* Begin PBXFileSystemSynchronizedRootGroup section */
		C6C382E4307343AF00C0C5B8 /* Pochical */ = {
			isa = PBXFileSystemSynchronizedRootGroup;
			path = Pochical;
			sourceTree = "<group>";
		};
		C6C382F2307343B000C0C5B8 /* PochicalTests */ = {
			isa = PBXFileSystemSynchronizedRootGroup;
			path = PochicalTests;
			sourceTree = "<group>";
		};
		C6C382FC307343B000C0C5B8 /* PochicalUITests */ = {
			isa = PBXFileSystemSynchronizedRootGroup;
			path = PochicalUITests;
			sourceTree = "<group>";
		};
		C6C38314307344A900C0C5B8 /* PochicalWidgets */ = {
			isa = PBXFileSystemSynchronizedRootGroup;
			exceptions = (
				C6C38321307344AB00C0C5B8 /* Exceptions for "PochicalWidgets" folder in "PochicalWidgetsExtension" target */,
			);
			path = PochicalWidgets;
			sourceTree = "<group>";
		};
/* End PBXFileSystemSynchronizedRootGroup section */

/* Begin PBXFrameworksBuildPhase section */
		C6C382DF307343AF00C0C5B8 /* Frameworks */ = {
			isa = PBXFrameworksBuildPhase;
			files = (
				C6C3832F307345FB00C0C5B8 /* PochicalProto in Frameworks */,
				C6C383423073460000C0C5B8 /* PochicalKit in Frameworks */,
				C6C3832A307345A800C0C5B8 /* PochicalDesign in Frameworks */,
			);
		};
		C6C382EC307343B000C0C5B8 /* Frameworks */ = {
			isa = PBXFrameworksBuildPhase;
			files = (
			);
		};
		C6C382F6307343B000C0C5B8 /* Frameworks */ = {
			isa = PBXFrameworksBuildPhase;
			files = (
			);
		};
		C6C3830B307344A900C0C5B8 /* Frameworks */ = {
			isa = PBXFrameworksBuildPhase;
			files = (
				C6C38313307344A900C0C5B8 /* SwiftUI.framework in Frameworks */,
				C6C3832C307345D500C0C5B8 /* PochicalDesign in Frameworks */,
				C6C38311307344A900C0C5B8 /* WidgetKit.framework in Frameworks */,
			);
		};
/* End PBXFrameworksBuildPhase section */

/* Begin PBXGroup section */
		C6C382D9307343AF00C0C5B8 = {
			isa = PBXGroup;
			children = (
				C6C383273073450F00C0C5B8 /* PochicalWidgetsExtension.entitlements */,
				C6C382E4307343AF00C0C5B8 /* Pochical */,
				C6C382F2307343B000C0C5B8 /* PochicalTests */,
				C6C382FC307343B000C0C5B8 /* PochicalUITests */,
				C6C38314307344A900C0C5B8 /* PochicalWidgets */,
				C6C3830F307344A900C0C5B8 /* Frameworks */,
				C6C382E3307343AF00C0C5B8 /* Products */,
			);
			sourceTree = "<group>";
		};
		C6C382E3307343AF00C0C5B8 /* Products */ = {
			isa = PBXGroup;
			children = (
				C6C382E2307343AF00C0C5B8 /* Pochical.app */,
				C6C382EF307343B000C0C5B8 /* PochicalTests.xctest */,
				C6C382F9307343B000C0C5B8 /* PochicalUITests.xctest */,
				C6C3830E307344A900C0C5B8 /* PochicalWidgetsExtension.appex */,
			);
			name = Products;
			sourceTree = "<group>";
		};
		C6C3830F307344A900C0C5B8 /* Frameworks */ = {
			isa = PBXGroup;
			children = (
				C6C38310307344A900C0C5B8 /* WidgetKit.framework */,
				C6C38312307344A900C0C5B8 /* SwiftUI.framework */,
			);
			name = Frameworks;
			sourceTree = "<group>";
		};
/* End PBXGroup section */

/* Begin PBXNativeTarget section */
		C6C382E1307343AF00C0C5B8 /* Pochical */ = {
			isa = PBXNativeTarget;
			buildConfigurationList = C6C38301307343B000C0C5B8 /* Build configuration list for PBXNativeTarget "Pochical" */;
			buildPhases = (
				C6C382DE307343AF00C0C5B8 /* Sources */,
				C6C382DF307343AF00C0C5B8 /* Frameworks */,
				C6C382E0307343AF00C0C5B8 /* Resources */,
				C6C38325307344AB00C0C5B8 /* Embed Foundation Extensions */,
			);
			buildRules = (
			);
			dependencies = (
				C6C3831F307344AB00C0C5B8 /* PBXTargetDependency */,
			);
			fileSystemSynchronizedGroups = (
				C6C382E4307343AF00C0C5B8 /* Pochical */,
			);
			name = Pochical;
			packageProductDependencies = (
				C6C38329307345A800C0C5B8 /* PochicalDesign */,
				C6C3832E307345FB00C0C5B8 /* PochicalProto */,
				C6C383413073460000C0C5B8 /* PochicalKit */,
			);
			productName = Pochical;
			productReference = C6C382E2307343AF00C0C5B8 /* Pochical.app */;
			productType = "com.apple.product-type.application";
		};
		C6C382EE307343B000C0C5B8 /* PochicalTests */ = {
			isa = PBXNativeTarget;
			buildConfigurationList = C6C38304307343B000C0C5B8 /* Build configuration list for PBXNativeTarget "PochicalTests" */;
			buildPhases = (
				C6C382EB307343B000C0C5B8 /* Sources */,
				C6C382EC307343B000C0C5B8 /* Frameworks */,
				C6C382ED307343B000C0C5B8 /* Resources */,
			);
			buildRules = (
			);
			dependencies = (
				C6C382F1307343B000C0C5B8 /* PBXTargetDependency */,
			);
			fileSystemSynchronizedGroups = (
				C6C382F2307343B000C0C5B8 /* PochicalTests */,
			);
			name = PochicalTests;
			productName = PochicalTests;
			productReference = C6C382EF307343B000C0C5B8 /* PochicalTests.xctest */;
			productType = "com.apple.product-type.bundle.unit-test";
		};
		C6C382F8307343B000C0C5B8 /* PochicalUITests */ = {
			isa = PBXNativeTarget;
			buildConfigurationList = C6C38307307343B000C0C5B8 /* Build configuration list for PBXNativeTarget "PochicalUITests" */;
			buildPhases = (
				C6C382F5307343B000C0C5B8 /* Sources */,
				C6C382F6307343B000C0C5B8 /* Frameworks */,
				C6C382F7307343B000C0C5B8 /* Resources */,
			);
			buildRules = (
			);
			dependencies = (
				C6C382FB307343B000C0C5B8 /* PBXTargetDependency */,
			);
			fileSystemSynchronizedGroups = (
				C6C382FC307343B000C0C5B8 /* PochicalUITests */,
			);
			name = PochicalUITests;
			productName = PochicalUITests;
			productReference = C6C382F9307343B000C0C5B8 /* PochicalUITests.xctest */;
			productType = "com.apple.product-type.bundle.ui-testing";
		};
		C6C3830D307344A900C0C5B8 /* PochicalWidgetsExtension */ = {
			isa = PBXNativeTarget;
			buildConfigurationList = C6C38322307344AB00C0C5B8 /* Build configuration list for PBXNativeTarget "PochicalWidgetsExtension" */;
			buildPhases = (
				C6C3830A307344A900C0C5B8 /* Sources */,
				C6C3830B307344A900C0C5B8 /* Frameworks */,
				C6C3830C307344A900C0C5B8 /* Resources */,
			);
			buildRules = (
			);
			fileSystemSynchronizedGroups = (
				C6C38314307344A900C0C5B8 /* PochicalWidgets */,
			);
			name = PochicalWidgetsExtension;
			packageProductDependencies = (
				C6C3832B307345D500C0C5B8 /* PochicalDesign */,
			);
			productName = PochicalWidgetsExtension;
			productReference = C6C3830E307344A900C0C5B8 /* PochicalWidgetsExtension.appex */;
			productType = "com.apple.product-type.app-extension";
		};
/* End PBXNativeTarget section */

/* Begin PBXProject section */
		C6C382DA307343AF00C0C5B8 /* Project object */ = {
			isa = PBXProject;
			attributes = {
				BuildIndependentTargetsInParallel = 1;
				LastSwiftUpdateCheck = 2700;
				LastUpgradeCheck = 2700;
				TargetAttributes = {
					C6C382E1307343AF00C0C5B8 = {
						CreatedOnToolsVersion = 27.0;
					};
					C6C382EE307343B000C0C5B8 = {
						CreatedOnToolsVersion = 27.0;
						TestTargetID = C6C382E1307343AF00C0C5B8;
					};
					C6C382F8307343B000C0C5B8 = {
						CreatedOnToolsVersion = 27.0;
						TestTargetID = C6C382E1307343AF00C0C5B8;
					};
					C6C3830D307344A900C0C5B8 = {
						CreatedOnToolsVersion = 27.0;
					};
				};
			};
			buildConfigurationList = C6C382DD307343AF00C0C5B8 /* Build configuration list for PBXProject "Pochical" */;
			developmentRegion = en;
			hasScannedForEncodings = 0;
			knownRegions = (
				en,
				Base,
			);
			mainGroup = C6C382D9307343AF00C0C5B8;
			minimizedProjectReferenceProxies = 1;
			packageReferences = (
				C6C38328307345A800C0C5B8 /* XCLocalSwiftPackageReference "../Packages/PochicalDesign" */,
				C6C3832D307345FB00C0C5B8 /* XCLocalSwiftPackageReference "../Packages/PochicalProto" */,
				C6C383403073460000C0C5B8 /* XCLocalSwiftPackageReference "../Packages/PochicalKit" */,
			);
			preferredProjectObjectVersion = 77;
			productRefGroup = C6C382E3307343AF00C0C5B8 /* Products */;
			projectDirPath = "";
			projectRoot = "";
			targets = (
				C6C382E1307343AF00C0C5B8 /* Pochical */,
				C6C382EE307343B000C0C5B8 /* PochicalTests */,
				C6C382F8307343B000C0C5B8 /* PochicalUITests */,
				C6C3830D307344A900C0C5B8 /* PochicalWidgetsExtension */,
			);
		};
/* End PBXProject section */

/* Begin PBXResourcesBuildPhase section */
		C6C382E0307343AF00C0C5B8 /* Resources */ = {
			isa = PBXResourcesBuildPhase;
			files = (
			);
		};
		C6C382ED307343B000C0C5B8 /* Resources */ = {
			isa = PBXResourcesBuildPhase;
			files = (
			);
		};
		C6C382F7307343B000C0C5B8 /* Resources */ = {
			isa = PBXResourcesBuildPhase;
			files = (
			);
		};
		C6C3830C307344A900C0C5B8 /* Resources */ = {
			isa = PBXResourcesBuildPhase;
			files = (
			);
		};
/* End PBXResourcesBuildPhase section */

/* Begin PBXSourcesBuildPhase section */
		C6C382DE307343AF00C0C5B8 /* Sources */ = {
			isa = PBXSourcesBuildPhase;
			files = (
			);
		};
		C6C382EB307343B000C0C5B8 /* Sources */ = {
			isa = PBXSourcesBuildPhase;
			files = (
			);
		};
		C6C382F5307343B000C0C5B8 /* Sources */ = {
			isa = PBXSourcesBuildPhase;
			files = (
			);
		};
		C6C3830A307344A900C0C5B8 /* Sources */ = {
			isa = PBXSourcesBuildPhase;
			files = (
			);
		};
/* End PBXSourcesBuildPhase section */

/* Begin PBXTargetDependency section */
		C6C382F1307343B000C0C5B8 /* PBXTargetDependency */ = {
			isa = PBXTargetDependency;
			target = C6C382E1307343AF00C0C5B8 /* Pochical */;
			targetProxy = C6C382F0307343B000C0C5B8 /* PBXContainerItemProxy */;
		};
		C6C382FB307343B000C0C5B8 /* PBXTargetDependency */ = {
			isa = PBXTargetDependency;
			target = C6C382E1307343AF00C0C5B8 /* Pochical */;
			targetProxy = C6C382FA307343B000C0C5B8 /* PBXContainerItemProxy */;
		};
		C6C3831F307344AB00C0C5B8 /* PBXTargetDependency */ = {
			isa = PBXTargetDependency;
			target = C6C3830D307344A900C0C5B8 /* PochicalWidgetsExtension */;
			targetProxy = C6C3831E307344AB00C0C5B8 /* PBXContainerItemProxy */;
		};
/* End PBXTargetDependency section */

/* Begin XCBuildConfiguration section */
		C6C382FF307343B000C0C5B8 /* Debug configuration for PBXProject "Pochical" */ = {
			isa = XCBuildConfiguration;
			buildSettings = {
				ALWAYS_SEARCH_USER_PATHS = NO;
				ASSETCATALOG_COMPILER_GENERATE_SWIFT_ASSET_SYMBOL_EXTENSIONS = YES;
				CLANG_ANALYZER_NONNULL = YES;
				CLANG_ANALYZER_NUMBER_OBJECT_CONVERSION = YES_AGGRESSIVE;
				CLANG_CXX_LANGUAGE_STANDARD = "gnu++20";
				CLANG_ENABLE_MODULES = YES;
				CLANG_ENABLE_OBJC_ARC = YES;
				CLANG_ENABLE_OBJC_WEAK = YES;
				CLANG_WARN_BLOCK_CAPTURE_AUTORELEASING = YES;
				CLANG_WARN_BOOL_CONVERSION = YES;
				CLANG_WARN_COMMA = YES;
				CLANG_WARN_CONSTANT_CONVERSION = YES;
				CLANG_WARN_DEPRECATED_OBJC_IMPLEMENTATIONS = YES;
				CLANG_WARN_DIRECT_OBJC_ISA_USAGE = YES_ERROR;
				CLANG_WARN_DOCUMENTATION_COMMENTS = YES;
				CLANG_WARN_EMPTY_BODY = YES;
				CLANG_WARN_ENUM_CONVERSION = YES;
				CLANG_WARN_INFINITE_RECURSION = YES;
				CLANG_WARN_INT_CONVERSION = YES;
				CLANG_WARN_NON_LITERAL_NULL_CONVERSION = YES;
				CLANG_WARN_OBJC_IMPLICIT_RETAIN_SELF = YES;
				CLANG_WARN_OBJC_LITERAL_CONVERSION = YES;
				CLANG_WARN_OBJC_ROOT_CLASS = YES_ERROR;
				CLANG_WARN_QUOTED_INCLUDE_IN_FRAMEWORK_HEADER = YES;
				CLANG_WARN_RANGE_LOOP_ANALYSIS = YES;
				CLANG_WARN_STRICT_PROTOTYPES = YES;
				CLANG_WARN_SUSPICIOUS_MOVE = YES;
				CLANG_WARN_UNGUARDED_AVAILABILITY = YES_AGGRESSIVE;
				CLANG_WARN_UNREACHABLE_CODE = YES;
				CLANG_WARN__DUPLICATE_METHOD_MATCH = YES;
				COPY_PHASE_STRIP = NO;
				DEBUG_INFORMATION_FORMAT = dwarf;
				DEVELOPMENT_TEAM = 6KC44WPYLJ;
				ENABLE_STRICT_OBJC_MSGSEND = YES;
				ENABLE_TESTABILITY = YES;
				ENABLE_USER_SCRIPT_SANDBOXING = YES;
				GCC_C_LANGUAGE_STANDARD = gnu17;
				GCC_DYNAMIC_NO_PIC = NO;
				GCC_NO_COMMON_BLOCKS = YES;
				GCC_OPTIMIZATION_LEVEL = 0;
				GCC_PREPROCESSOR_DEFINITIONS = (
					"DEBUG=1",
					"$(inherited)",
				);
				GCC_WARN_64_TO_32_BIT_CONVERSION = YES;
				GCC_WARN_ABOUT_RETURN_TYPE = YES_ERROR;
				GCC_WARN_UNDECLARED_SELECTOR = YES;
				GCC_WARN_UNINITIALIZED_AUTOS = YES_AGGRESSIVE;
				GCC_WARN_UNUSED_FUNCTION = YES;
				GCC_WARN_UNUSED_VARIABLE = YES;
				IPHONEOS_DEPLOYMENT_TARGET = 26.0;
				LOCALIZATION_PREFERS_STRING_CATALOGS = YES;
				MTL_ENABLE_DEBUG_INFO = INCLUDE_SOURCE;
				MTL_FAST_MATH = YES;
				ONLY_ACTIVE_ARCH = YES;
				SDKROOT = iphoneos;
				SWIFT_ACTIVE_COMPILATION_CONDITIONS = "DEBUG $(inherited)";
				SWIFT_OPTIMIZATION_LEVEL = "-Onone";
			};
			name = Debug;
		};
		C6C38300307343B000C0C5B8 /* Release configuration for PBXProject "Pochical" */ = {
			isa = XCBuildConfiguration;
			buildSettings = {
				ALWAYS_SEARCH_USER_PATHS = NO;
				ASSETCATALOG_COMPILER_GENERATE_SWIFT_ASSET_SYMBOL_EXTENSIONS = YES;
				CLANG_ANALYZER_NONNULL = YES;
				CLANG_ANALYZER_NUMBER_OBJECT_CONVERSION = YES_AGGRESSIVE;
				CLANG_CXX_LANGUAGE_STANDARD = "gnu++20";
				CLANG_ENABLE_MODULES = YES;
				CLANG_ENABLE_OBJC_ARC = YES;
				CLANG_ENABLE_OBJC_WEAK = YES;
				CLANG_WARN_BLOCK_CAPTURE_AUTORELEASING = YES;
				CLANG_WARN_BOOL_CONVERSION = YES;
				CLANG_WARN_COMMA = YES;
				CLANG_WARN_CONSTANT_CONVERSION = YES;
				CLANG_WARN_DEPRECATED_OBJC_IMPLEMENTATIONS = YES;
				CLANG_WARN_DIRECT_OBJC_ISA_USAGE = YES_ERROR;
				CLANG_WARN_DOCUMENTATION_COMMENTS = YES;
				CLANG_WARN_EMPTY_BODY = YES;
				CLANG_WARN_ENUM_CONVERSION = YES;
				CLANG_WARN_INFINITE_RECURSION = YES;
				CLANG_WARN_INT_CONVERSION = YES;
				CLANG_WARN_NON_LITERAL_NULL_CONVERSION = YES;
				CLANG_WARN_OBJC_IMPLICIT_RETAIN_SELF = YES;
				CLANG_WARN_OBJC_LITERAL_CONVERSION = YES;
				CLANG_WARN_OBJC_ROOT_CLASS = YES_ERROR;
				CLANG_WARN_QUOTED_INCLUDE_IN_FRAMEWORK_HEADER = YES;
				CLANG_WARN_RANGE_LOOP_ANALYSIS = YES;
				CLANG_WARN_STRICT_PROTOTYPES = YES;
				CLANG_WARN_SUSPICIOUS_MOVE = YES;
				CLANG_WARN_UNGUARDED_AVAILABILITY = YES_AGGRESSIVE;
				CLANG_WARN_UNREACHABLE_CODE = YES;
				CLANG_WARN__DUPLICATE_METHOD_MATCH = YES;
				COPY_PHASE_STRIP = NO;
				DEBUG_INFORMATION_FORMAT = "dwarf-with-dsym";
				DEVELOPMENT_TEAM = 6KC44WPYLJ;
				ENABLE_NS_ASSERTIONS = NO;
				ENABLE_STRICT_OBJC_MSGSEND = YES;
				ENABLE_USER_SCRIPT_SANDBOXING = YES;
				GCC_C_LANGUAGE_STANDARD = gnu17;
				GCC_NO_COMMON_BLOCKS = YES;
				GCC_WARN_64_TO_32_BIT_CONVERSION = YES;
				GCC_WARN_ABOUT_RETURN_TYPE = YES_ERROR;
				GCC_WARN_UNDECLARED_SELECTOR = YES;
				GCC_WARN_UNINITIALIZED_AUTOS = YES_AGGRESSIVE;
				GCC_WARN_UNUSED_FUNCTION = YES;
				GCC_WARN_UNUSED_VARIABLE = YES;
				IPHONEOS_DEPLOYMENT_TARGET = 26.0;
				LOCALIZATION_PREFERS_STRING_CATALOGS = YES;
				MTL_ENABLE_DEBUG_INFO = NO;
				MTL_FAST_MATH = YES;
				SDKROOT = iphoneos;
				SWIFT_COMPILATION_MODE = wholemodule;
				VALIDATE_PRODUCT = YES;
			};
			name = Release;
		};
		C6C38302307343B000C0C5B8 /* Debug configuration for PBXNativeTarget "Pochical" */ = {
			isa = XCBuildConfiguration;
			buildSettings = {
				ASSETCATALOG_COMPILER_APPICON_NAME = AppIcon;
				ASSETCATALOG_COMPILER_INCLUDE_ALL_APPICON_ASSETS = YES;
				INFOPLIST_KEY_CFBundleDisplayName = "ポチカル";
				ASSETCATALOG_COMPILER_GLOBAL_ACCENT_COLOR_NAME = AccentColor;
				CODE_SIGN_ENTITLEMENTS = Pochical/Pochical.entitlements;
				CODE_SIGN_STYLE = Automatic;
				CURRENT_PROJECT_VERSION = 1;
				DEVELOPMENT_TEAM = 6KC44WPYLJ;
				ENABLE_PREVIEWS = YES;
				GENERATE_INFOPLIST_FILE = YES;
				INFOPLIST_KEY_UIApplicationSceneManifest_Generation = YES;
				INFOPLIST_KEY_UIApplicationSupportsIndirectInputEvents = YES;
				INFOPLIST_KEY_UILaunchScreen_Generation = YES;
				INFOPLIST_KEY_UISupportedInterfaceOrientations_iPad = "UIInterfaceOrientationPortrait UIInterfaceOrientationPortraitUpsideDown UIInterfaceOrientationLandscapeLeft UIInterfaceOrientationLandscapeRight";
				INFOPLIST_KEY_UISupportedInterfaceOrientations_iPhone = "UIInterfaceOrientationPortrait UIInterfaceOrientationLandscapeLeft UIInterfaceOrientationLandscapeRight";
				LD_RUNPATH_SEARCH_PATHS = (
					"$(inherited)",
					"@executable_path/Frameworks",
				);
				MARKETING_VERSION = 1.0;
				PRODUCT_BUNDLE_IDENTIFIER = app.pochical;
				PRODUCT_NAME = "$(TARGET_NAME)";
				REGISTER_APP_GROUPS = YES;
				STRING_CATALOG_GENERATE_SYMBOLS = YES;
				SWIFT_APPROACHABLE_CONCURRENCY = YES;
				SWIFT_DEFAULT_ACTOR_ISOLATION = MainActor;
				SWIFT_EMIT_LOC_STRINGS = YES;
				SWIFT_UPCOMING_FEATURE_MEMBER_IMPORT_VISIBILITY = YES;
				SWIFT_VERSION = 6.0;
				TARGETED_DEVICE_FAMILY = 1;
			};
			name = Debug;
		};
		C6C38303307343B000C0C5B8 /* Release configuration for PBXNativeTarget "Pochical" */ = {
			isa = XCBuildConfiguration;
			buildSettings = {
				ASSETCATALOG_COMPILER_APPICON_NAME = AppIcon;
				ASSETCATALOG_COMPILER_INCLUDE_ALL_APPICON_ASSETS = YES;
				INFOPLIST_KEY_CFBundleDisplayName = "ポチカル";
				ASSETCATALOG_COMPILER_GLOBAL_ACCENT_COLOR_NAME = AccentColor;
				CODE_SIGN_ENTITLEMENTS = Pochical/Pochical.entitlements;
				CODE_SIGN_STYLE = Automatic;
				CURRENT_PROJECT_VERSION = 1;
				DEVELOPMENT_TEAM = 6KC44WPYLJ;
				ENABLE_PREVIEWS = YES;
				GENERATE_INFOPLIST_FILE = YES;
				INFOPLIST_KEY_UIApplicationSceneManifest_Generation = YES;
				INFOPLIST_KEY_UIApplicationSupportsIndirectInputEvents = YES;
				INFOPLIST_KEY_UILaunchScreen_Generation = YES;
				INFOPLIST_KEY_UISupportedInterfaceOrientations_iPad = "UIInterfaceOrientationPortrait UIInterfaceOrientationPortraitUpsideDown UIInterfaceOrientationLandscapeLeft UIInterfaceOrientationLandscapeRight";
				INFOPLIST_KEY_UISupportedInterfaceOrientations_iPhone = "UIInterfaceOrientationPortrait UIInterfaceOrientationLandscapeLeft UIInterfaceOrientationLandscapeRight";
				LD_RUNPATH_SEARCH_PATHS = (
					"$(inherited)",
					"@executable_path/Frameworks",
				);
				MARKETING_VERSION = 1.0;
				PRODUCT_BUNDLE_IDENTIFIER = app.pochical;
				PRODUCT_NAME = "$(TARGET_NAME)";
				REGISTER_APP_GROUPS = YES;
				STRING_CATALOG_GENERATE_SYMBOLS = YES;
				SWIFT_APPROACHABLE_CONCURRENCY = YES;
				SWIFT_DEFAULT_ACTOR_ISOLATION = MainActor;
				SWIFT_EMIT_LOC_STRINGS = YES;
				SWIFT_UPCOMING_FEATURE_MEMBER_IMPORT_VISIBILITY = YES;
				SWIFT_VERSION = 6.0;
				TARGETED_DEVICE_FAMILY = 1;
			};
			name = Release;
		};
		C6C38305307343B000C0C5B8 /* Debug configuration for PBXNativeTarget "PochicalTests" */ = {
			isa = XCBuildConfiguration;
			buildSettings = {
				BUNDLE_LOADER = "$(TEST_HOST)";
				CODE_SIGN_STYLE = Automatic;
				CURRENT_PROJECT_VERSION = 1;
				DEVELOPMENT_TEAM = 6KC44WPYLJ;
				GENERATE_INFOPLIST_FILE = YES;
				MARKETING_VERSION = 1.0;
				PRODUCT_BUNDLE_IDENTIFIER = app.pochical.PochicalTests;
				PRODUCT_NAME = "$(TARGET_NAME)";
				STRING_CATALOG_GENERATE_SYMBOLS = NO;
				SWIFT_APPROACHABLE_CONCURRENCY = YES;
				SWIFT_EMIT_LOC_STRINGS = NO;
				SWIFT_UPCOMING_FEATURE_MEMBER_IMPORT_VISIBILITY = YES;
				SWIFT_VERSION = 6.0;
				TARGETED_DEVICE_FAMILY = 1;
				TEST_HOST = "$(BUILT_PRODUCTS_DIR)/Pochical.app/$(BUNDLE_EXECUTABLE_FOLDER_PATH)/Pochical";
			};
			name = Debug;
		};
		C6C38306307343B000C0C5B8 /* Release configuration for PBXNativeTarget "PochicalTests" */ = {
			isa = XCBuildConfiguration;
			buildSettings = {
				BUNDLE_LOADER = "$(TEST_HOST)";
				CODE_SIGN_STYLE = Automatic;
				CURRENT_PROJECT_VERSION = 1;
				DEVELOPMENT_TEAM = 6KC44WPYLJ;
				GENERATE_INFOPLIST_FILE = YES;
				MARKETING_VERSION = 1.0;
				PRODUCT_BUNDLE_IDENTIFIER = app.pochical.PochicalTests;
				PRODUCT_NAME = "$(TARGET_NAME)";
				STRING_CATALOG_GENERATE_SYMBOLS = NO;
				SWIFT_APPROACHABLE_CONCURRENCY = YES;
				SWIFT_EMIT_LOC_STRINGS = NO;
				SWIFT_UPCOMING_FEATURE_MEMBER_IMPORT_VISIBILITY = YES;
				SWIFT_VERSION = 6.0;
				TARGETED_DEVICE_FAMILY = 1;
				TEST_HOST = "$(BUILT_PRODUCTS_DIR)/Pochical.app/$(BUNDLE_EXECUTABLE_FOLDER_PATH)/Pochical";
			};
			name = Release;
		};
		C6C38308307343B000C0C5B8 /* Debug configuration for PBXNativeTarget "PochicalUITests" */ = {
			isa = XCBuildConfiguration;
			buildSettings = {
				CODE_SIGN_STYLE = Automatic;
				CURRENT_PROJECT_VERSION = 1;
				DEVELOPMENT_TEAM = 6KC44WPYLJ;
				GENERATE_INFOPLIST_FILE = YES;
				MARKETING_VERSION = 1.0;
				PRODUCT_BUNDLE_IDENTIFIER = app.pochical.PochicalUITests;
				PRODUCT_NAME = "$(TARGET_NAME)";
				STRING_CATALOG_GENERATE_SYMBOLS = NO;
				SWIFT_APPROACHABLE_CONCURRENCY = YES;
				SWIFT_EMIT_LOC_STRINGS = NO;
				SWIFT_UPCOMING_FEATURE_MEMBER_IMPORT_VISIBILITY = YES;
				SWIFT_VERSION = 6.0;
				TARGETED_DEVICE_FAMILY = 1;
				TEST_TARGET_NAME = Pochical;
			};
			name = Debug;
		};
		C6C38309307343B000C0C5B8 /* Release configuration for PBXNativeTarget "PochicalUITests" */ = {
			isa = XCBuildConfiguration;
			buildSettings = {
				CODE_SIGN_STYLE = Automatic;
				CURRENT_PROJECT_VERSION = 1;
				DEVELOPMENT_TEAM = 6KC44WPYLJ;
				GENERATE_INFOPLIST_FILE = YES;
				MARKETING_VERSION = 1.0;
				PRODUCT_BUNDLE_IDENTIFIER = app.pochical.PochicalUITests;
				PRODUCT_NAME = "$(TARGET_NAME)";
				STRING_CATALOG_GENERATE_SYMBOLS = NO;
				SWIFT_APPROACHABLE_CONCURRENCY = YES;
				SWIFT_EMIT_LOC_STRINGS = NO;
				SWIFT_UPCOMING_FEATURE_MEMBER_IMPORT_VISIBILITY = YES;
				SWIFT_VERSION = 6.0;
				TARGETED_DEVICE_FAMILY = 1;
				TEST_TARGET_NAME = Pochical;
			};
			name = Release;
		};
		C6C38323307344AB00C0C5B8 /* Debug configuration for PBXNativeTarget "PochicalWidgetsExtension" */ = {
			isa = XCBuildConfiguration;
			buildSettings = {
				ASSETCATALOG_COMPILER_GLOBAL_ACCENT_COLOR_NAME = AccentColor;
				ASSETCATALOG_COMPILER_WIDGET_BACKGROUND_COLOR_NAME = WidgetBackground;
				CODE_SIGN_ENTITLEMENTS = PochicalWidgetsExtension.entitlements;
				CODE_SIGN_STYLE = Automatic;
				CURRENT_PROJECT_VERSION = 1;
				DEVELOPMENT_TEAM = 6KC44WPYLJ;
				GENERATE_INFOPLIST_FILE = YES;
				INFOPLIST_FILE = PochicalWidgets/Info.plist;
				INFOPLIST_KEY_CFBundleDisplayName = PochicalWidgets;
				INFOPLIST_KEY_NSHumanReadableCopyright = "";
				LD_RUNPATH_SEARCH_PATHS = (
					"$(inherited)",
					"@executable_path/Frameworks",
					"@executable_path/../../Frameworks",
				);
				MARKETING_VERSION = 1.0;
				PRODUCT_BUNDLE_IDENTIFIER = app.pochical.PochicalWidgets;
				PRODUCT_NAME = "$(TARGET_NAME)";
				REGISTER_APP_GROUPS = YES;
				SKIP_INSTALL = YES;
				STRING_CATALOG_GENERATE_SYMBOLS = YES;
				SWIFT_APPROACHABLE_CONCURRENCY = YES;
				SWIFT_EMIT_LOC_STRINGS = YES;
				SWIFT_UPCOMING_FEATURE_MEMBER_IMPORT_VISIBILITY = YES;
				SWIFT_VERSION = 6.0;
				TARGETED_DEVICE_FAMILY = 1;
			};
			name = Debug;
		};
		C6C38324307344AB00C0C5B8 /* Release configuration for PBXNativeTarget "PochicalWidgetsExtension" */ = {
			isa = XCBuildConfiguration;
			buildSettings = {
				ASSETCATALOG_COMPILER_GLOBAL_ACCENT_COLOR_NAME = AccentColor;
				ASSETCATALOG_COMPILER_WIDGET_BACKGROUND_COLOR_NAME = WidgetBackground;
				CODE_SIGN_ENTITLEMENTS = PochicalWidgetsExtension.entitlements;
				CODE_SIGN_STYLE = Automatic;
				CURRENT_PROJECT_VERSION = 1;
				DEVELOPMENT_TEAM = 6KC44WPYLJ;
				GENERATE_INFOPLIST_FILE = YES;
				INFOPLIST_FILE = PochicalWidgets/Info.plist;
				INFOPLIST_KEY_CFBundleDisplayName = PochicalWidgets;
				INFOPLIST_KEY_NSHumanReadableCopyright = "";
				LD_RUNPATH_SEARCH_PATHS = (
					"$(inherited)",
					"@executable_path/Frameworks",
					"@executable_path/../../Frameworks",
				);
				MARKETING_VERSION = 1.0;
				PRODUCT_BUNDLE_IDENTIFIER = app.pochical.PochicalWidgets;
				PRODUCT_NAME = "$(TARGET_NAME)";
				REGISTER_APP_GROUPS = YES;
				SKIP_INSTALL = YES;
				STRING_CATALOG_GENERATE_SYMBOLS = YES;
				SWIFT_APPROACHABLE_CONCURRENCY = YES;
				SWIFT_EMIT_LOC_STRINGS = YES;
				SWIFT_UPCOMING_FEATURE_MEMBER_IMPORT_VISIBILITY = YES;
				SWIFT_VERSION = 6.0;
				TARGETED_DEVICE_FAMILY = 1;
			};
			name = Release;
		};
/* End XCBuildConfiguration section */

/* Begin XCConfigurationList section */
		C6C382DD307343AF00C0C5B8 /* Build configuration list for PBXProject "Pochical" */ = {
			isa = XCConfigurationList;
			buildConfigurations = (
				C6C382FF307343B000C0C5B8 /* Debug configuration for PBXProject "Pochical" */,
				C6C38300307343B000C0C5B8 /* Release configuration for PBXProject "Pochical" */,
			);
			defaultConfigurationName = Release;
		};
		C6C38301307343B000C0C5B8 /* Build configuration list for PBXNativeTarget "Pochical" */ = {
			isa = XCConfigurationList;
			buildConfigurations = (
				C6C38302307343B000C0C5B8 /* Debug configuration for PBXNativeTarget "Pochical" */,
				C6C38303307343B000C0C5B8 /* Release configuration for PBXNativeTarget "Pochical" */,
			);
			defaultConfigurationName = Release;
		};
		C6C38304307343B000C0C5B8 /* Build configuration list for PBXNativeTarget "PochicalTests" */ = {
			isa = XCConfigurationList;
			buildConfigurations = (
				C6C38305307343B000C0C5B8 /* Debug configuration for PBXNativeTarget "PochicalTests" */,
				C6C38306307343B000C0C5B8 /* Release configuration for PBXNativeTarget "PochicalTests" */,
			);
			defaultConfigurationName = Release;
		};
		C6C38307307343B000C0C5B8 /* Build configuration list for PBXNativeTarget "PochicalUITests" */ = {
			isa = XCConfigurationList;
			buildConfigurations = (
				C6C38308307343B000C0C5B8 /* Debug configuration for PBXNativeTarget "PochicalUITests" */,
				C6C38309307343B000C0C5B8 /* Release configuration for PBXNativeTarget "PochicalUITests" */,
			);
			defaultConfigurationName = Release;
		};
		C6C38322307344AB00C0C5B8 /* Build configuration list for PBXNativeTarget "PochicalWidgetsExtension" */ = {
			isa = XCConfigurationList;
			buildConfigurations = (
				C6C38323307344AB00C0C5B8 /* Debug configuration for PBXNativeTarget "PochicalWidgetsExtension" */,
				C6C38324307344AB00C0C5B8 /* Release configuration for PBXNativeTarget "PochicalWidgetsExtension" */,
			);
			defaultConfigurationName = Release;
		};
/* End XCConfigurationList section */

/* Begin XCLocalSwiftPackageReference section */
		C6C38328307345A800C0C5B8 /* XCLocalSwiftPackageReference "../Packages/PochicalDesign" */ = {
			isa = XCLocalSwiftPackageReference;
			relativePath = ../Packages/PochicalDesign;
		};
		C6C3832D307345FB00C0C5B8 /* XCLocalSwiftPackageReference "../Packages/PochicalProto" */ = {
			isa = XCLocalSwiftPackageReference;
			relativePath = ../Packages/PochicalProto;
		};
		C6C383403073460000C0C5B8 /* XCLocalSwiftPackageReference "../Packages/PochicalKit" */ = {
			isa = XCLocalSwiftPackageReference;
			relativePath = ../Packages/PochicalKit;
		};
/* End XCLocalSwiftPackageReference section */

/* Begin XCSwiftPackageProductDependency section */
		C6C38329307345A800C0C5B8 /* PochicalDesign */ = {
			isa = XCSwiftPackageProductDependency;
			productName = PochicalDesign;
		};
		C6C3832B307345D500C0C5B8 /* PochicalDesign */ = {
			isa = XCSwiftPackageProductDependency;
			package = C6C38328307345A800C0C5B8 /* XCLocalSwiftPackageReference "../Packages/PochicalDesign" */;
			productName = PochicalDesign;
		};
		C6C3832E307345FB00C0C5B8 /* PochicalProto */ = {
			isa = XCSwiftPackageProductDependency;
			productName = PochicalProto;
		};
		C6C383413073460000C0C5B8 /* PochicalKit */ = {
			isa = XCSwiftPackageProductDependency;
			package = C6C383403073460000C0C5B8 /* XCLocalSwiftPackageReference "../Packages/PochicalKit" */;
			productName = PochicalKit;
		};
/* End XCSwiftPackageProductDependency section */
	};
	rootObject = C6C382DA307343AF00C0C5B8 /* Project object */;
	validationLevel = 1;
}
